
Microsoft Visual Studio Solution File, Format Version 12.00
# Visual Studio Version 17
VisualStudioVersion = 17.3.32901.215
MinimumVisualStudioVersion = 10.0.40219.1
Project("{FAE04EC0-301F-11D3-BF4B-00C04F79EFBC}") = "DemoDelegate", "Demon Delegae\DemoDelegate.csproj", "{749C9C68-CE5A-47BF-BFF5-2CF19136F548}"
EndProject
Global
	GlobalSection(SolutionConfigurationPlatforms) = preSolution
		Debug|Any CPU = Debug|Any CPU
		Release|Any CPU = Release|Any CPU
	EndGlobalSection
	GlobalSection(ProjectConfigurationPlatforms) = postSolution
		{749C9C68-CE5A-47BF-BFF5-2CF19136F548}.Debug|Any CPU.ActiveCfg = Debug|Any CPU
		{749C9C68-CE5A-47BF-BFF5-2CF19136F548}.Debug|Any CPU.Build.0 = Debug|Any CPU
		{749C9C68-CE5A-47BF-BFF5-2CF19136F548}.Release|Any CPU.ActiveCfg = Release|Any CPU
		{749C9C68-CE5A-47BF-BFF5-2CF19136F548}.Release|Any CPU.Build.0 = Release|Any CPU
	EndGlobalSection
	GlobalSection(SolutionProperties) = preSolution
		HideSolutionNode = FALSE
	EndGlobalSection
	GlobalSection(ExtensibilityGlobals) = postSolution
		SolutionGuid = {CE6CD8B4-B611-46C5-A9E0-B434DCED64EC}
	EndGlobalSection
EndGlobal
